
Microsoft Visual Studio Solution File, Format Version 12.00
# Visual Studio Version 17
VisualStudioVersion = 17.3.32922.545
MinimumVisualStudioVersion = 10.0.40219.1
Project("{8BC9CEB8-8B4A-11D0-8D11-00A0C91BC942}") = "foo_preview", "foo_preview.vcxproj", "{50A83CBA-ECC8-48AA-92C0-E7A48EDA1AE9}"
EndProject
Project("{8BC9CEB8-8B4A-11D0-8D11-00A0C91BC942}") = "foobar2000_component_client", "..\sdk\foobar2000\foobar2000_component_client\foobar2000_component_client.vcxproj", "{B8D8BFD1-1842-4EFF-9F48-AA6FA5F6110D}"
EndProject
Project("{8BC9CEB8-8B4A-11D0-8D11-00A0C91BC942}") = "pfc", "..\sdk\pfc\pfc.vcxproj", "{DFEBA0E0-BC1C-42E5-99C5-15187EFF0F68}"
EndProject
Project("{8BC9CEB8-8B4A-11D0-8D11-00A0C91BC942}") = "foobar2000_sdk", "..\sdk\foobar2000\SDK\foobar2000_SDK.vcxproj", "{135A3DA2-4E02-4351-A7D2-1B495AD96ADF}"
EndProject
Project("{2150E333-8FDC-42A3-9474-1A3956D46DE8}") = "3rdParty", "3rdParty", "{0D2756F5-5C40-49ED-84FA-D8108D1564B9}"
EndProject
Project("{8BC9CEB8-8B4A-11D0-8D11-00A0C91BC942}") = "foobar2000_sdk_helpers", "..\sdk\foobar2000\helpers\foobar2000_sdk_helpers.vcxproj", "{EE47764E-A202-4F85-A767-ABDAB4AFF35F}"
EndProject
Project("{8BC9CEB8-8B4A-11D0-8D11-00A0C91BC942}") = "libPPUI", "..\sdk\libPPUI\libPPUI.vcxproj", "{7729EB82-4069-4414-964B-AD399091A03F}"
EndProject
Global
	GlobalSection(SolutionConfigurationPlatforms) = preSolution
		Debug|ARM64 = Debug|ARM64
		Debug|ARM64EC = Debug|ARM64EC
		Debug|x64 = Debug|x64
		Debug|x86 = Debug|x86
		Release|ARM64 = Release|ARM64
		Release|ARM64EC = Release|ARM64EC
		Release|x64 = Release|x64
		Release|x86 = Release|x86
	EndGlobalSection
	GlobalSection(ProjectConfigurationPlatforms) = postSolution
		{50A83CBA-ECC8-48AA-92C0-E7A48EDA1AE9}.Debug|ARM64.ActiveCfg = Debug|x64
		{50A83CBA-ECC8-48AA-92C0-E7A48EDA1AE9}.Debug|ARM64.Build.0 = Debug|x64
		{50A83CBA-ECC8-48AA-92C0-E7A48EDA1AE9}.Debug|ARM64EC.ActiveCfg = Debug|x64
		{50A83CBA-ECC8-48AA-92C0-E7A48EDA1AE9}.Debug|ARM64EC.Build.0 = Debug|x64
		{50A83CBA-ECC8-48AA-92C0-E7A48EDA1AE9}.Debug|x64.ActiveCfg = Debug|x64
		{50A83CBA-ECC8-48AA-92C0-E7A48EDA1AE9}.Debug|x64.Build.0 = Debug|x64
		{50A83CBA-ECC8-48AA-92C0-E7A48EDA1AE9}.Debug|x86.ActiveCfg = Debug|Win32
		{50A83CBA-ECC8-48AA-92C0-E7A48EDA1AE9}.Debug|x86.Build.0 = Debug|Win32
		{50A83CBA-ECC8-48AA-92C0-E7A48EDA1AE9}.Release|ARM64.ActiveCfg = Release|x64
		{50A83CBA-ECC8-48AA-92C0-E7A48EDA1AE9}.Release|ARM64.Build.0 = Release|x64
		{50A83CBA-ECC8-48AA-92C0-E7A48EDA1AE9}.Release|ARM64EC.ActiveCfg = Release|x64
		{50A83CBA-ECC8-48AA-92C0-E7A48EDA1AE9}.Release|ARM64EC.Build.0 = Release|x64
		{50A83CBA-ECC8-48AA-92C0-E7A48EDA1AE9}.Release|x64.ActiveCfg = Release|x64
		{50A83CBA-ECC8-48AA-92C0-E7A48EDA1AE9}.Release|x64.Build.0 = Release|x64
		{50A83CBA-ECC8-48AA-92C0-E7A48EDA1AE9}.Release|x86.ActiveCfg = Release|Win32
		{50A83CBA-ECC8-48AA-92C0-E7A48EDA1AE9}.Release|x86.Build.0 = Release|Win32
		{B8D8BFD1-1842-4EFF-9F48-AA6FA5F6110D}.Debug|ARM64.ActiveCfg = Debug|ARM64
		{B8D8BFD1-1842-4EFF-9F48-AA6FA5F6110D}.Debug|ARM64.Build.0 = Debug|ARM64
		{B8D8BFD1-1842-4EFF-9F48-AA6FA5F6110D}.Debug|ARM64EC.ActiveCfg = Debug|ARM64EC
		{B8D8BFD1-1842-4EFF-9F48-AA6FA5F6110D}.Debug|ARM64EC.Build.0 = Debug|ARM64EC
		{B8D8BFD1-1842-4EFF-9F48-AA6FA5F6110D}.Debug|x64.ActiveCfg = Debug|x64
		{B8D8BFD1-1842-4EFF-9F48-AA6FA5F6110D}.Debug|x64.Build.0 = Debug|x64
		{B8D8BFD1-1842-4EFF-9F48-AA6FA5F6110D}.Debug|x86.ActiveCfg = Debug|Win32
		{B8D8BFD1-1842-4EFF-9F48-AA6FA5F6110D}.Debug|x86.Build.0 = Debug|Win32
		{B8D8BFD1-1842-4EFF-9F48-AA6FA5F6110D}.Release|ARM64.ActiveCfg = Release|ARM64
		{B8D8BFD1-1842-4EFF-9F48-AA6FA5F6110D}.Release|ARM64.Build.0 = Release|ARM64
		{B8D8BFD1-1842-4EFF-9F48-AA6FA5F6110D}.Release|ARM64EC.ActiveCfg = Release|ARM64EC
		{B8D8BFD1-1842-4EFF-9F48-AA6FA5F6110D}.Release|ARM64EC.Build.0 = Release|ARM64EC
		{B8D8BFD1-1842-4EFF-9F48-AA6FA5F6110D}.Release|x64.ActiveCfg = Release|x64
		{B8D8BFD1-1842-4EFF-9F48-AA6FA5F6110D}.Release|x64.Build.0 = Release|x64
		{B8D8BFD1-1842-4EFF-9F48-AA6FA5F6110D}.Release|x86.ActiveCfg = Release|Win32
		{B8D8BFD1-1842-4EFF-9F48-AA6FA5F6110D}.Release|x86.Build.0 = Release|Win32
		{DFEBA0E0-BC1C-42E5-99C5-15187EFF0F68}.Debug|ARM64.ActiveCfg = Debug|ARM64
		{DFEBA0E0-BC1C-42E5-99C5-15187EFF0F68}.Debug|ARM64.Build.0 = Debug|ARM64
		{DFEBA0E0-BC1C-42E5-99C5-15187EFF0F68}.Debug|ARM64EC.ActiveCfg = Debug|ARM64EC
		{DFEBA0E0-BC1C-42E5-99C5-15187EFF0F68}.Debug|ARM64EC.Build.0 = Debug|ARM64EC
		{DFEBA0E0-BC1C-42E5-99C5-15187EFF0F68}.Debug|x64.ActiveCfg = Debug|x64
		{DFEBA0E0-BC1C-42E5-99C5-15187EFF0F68}.Debug|x64.Build.0 = Debug|x64
		{DFEBA0E0-BC1C-42E5-99C5-15187EFF0F68}.Debug|x86.ActiveCfg = Debug|Win32
		{DFEBA0E0-BC1C-42E5-99C5-15187EFF0F68}.Debug|x86.Build.0 = Debug|Win32
		{DFEBA0E0-BC1C-42E5-99C5-15187EFF0F68}.Release|ARM64.ActiveCfg = Release|ARM64
		{DFEBA0E0-BC1C-42E5-99C5-15187EFF0F68}.Release|ARM64.Build.0 = Release|ARM64
		{DFEBA0E0-BC1C-42E5-99C5-15187EFF0F68}.Release|ARM64EC.ActiveCfg = Release|ARM64EC
		{DFEBA0E0-BC1C-42E5-99C5-15187EFF0F68}.Release|ARM64EC.Build.0 = Release|ARM64EC
		{DFEBA0E0-BC1C-42E5-99C5-15187EFF0F68}.Release|x64.ActiveCfg = Release|x64
		{DFEBA0E0-BC1C-42E5-99C5-15187EFF0F68}.Release|x64.Build.0 = Release|x64
		{DFEBA0E0-BC1C-42E5-99C5-15187EFF0F68}.Release|x86.ActiveCfg = Release|Win32
		{DFEBA0E0-BC1C-42E5-99C5-15187EFF0F68}.Release|x86.Build.0 = Release|Win32
		{135A3DA2-4E02-4351-A7D2-1B495AD96ADF}.Debug|ARM64.ActiveCfg = Debug|ARM64
		{135A3DA2-4E02-4351-A7D2-1B495AD96ADF}.Debug|ARM64.Build.0 = Debug|ARM64
		{135A3DA2-4E02-4351-A7D2-1B495AD96ADF}.Debug|ARM64EC.ActiveCfg = Debug|ARM64EC
		{135A3DA2-4E02-4351-A7D2-1B495AD96ADF}.Debug|ARM64EC.Build.0 = Debug|ARM64EC
		{135A3DA2-4E02-4351-A7D2-1B495AD96ADF}.Debug|x64.ActiveCfg = Debug|x64
		{135A3DA2-4E02-4351-A7D2-1B495AD96ADF}.Debug|x64.Build.0 = Debug|x64
		{135A3DA2-4E02-4351-A7D2-1B495AD96ADF}.Debug|x86.ActiveCfg = Debug|Win32
		{135A3DA2-4E02-4351-A7D2-1B495AD96ADF}.Debug|x86.Build.0 = Debug|Win32
		{135A3DA2-4E02-4351-A7D2-1B495AD96ADF}.Release|ARM64.ActiveCfg = Release|ARM64
		{135A3DA2-4E02-4351-A7D2-1B495AD96ADF}.Release|ARM64.Build.0 = Release|ARM64
		{135A3DA2-4E02-4351-A7D2-1B495AD96ADF}.Release|ARM64EC.ActiveCfg = Release|ARM64EC
		{135A3DA2-4E02-4351-A7D2-1B495AD96ADF}.Release|ARM64EC.Build.0 = Release|ARM64EC
		{135A3DA2-4E02-4351-A7D2-1B495AD96ADF}.Release|x64.ActiveCfg = Release|x64
		{135A3DA2-4E02-4351-A7D2-1B495AD96ADF}.Release|x64.Build.0 = Release|x64
		{135A3DA2-4E02-4351-A7D2-1B495AD96ADF}.Release|x86.ActiveCfg = Release|Win32
		{135A3DA2-4E02-4351-A7D2-1B495AD96ADF}.Release|x86.Build.0 = Release|Win32
		{EE47764E-A202-4F85-A767-ABDAB4AFF35F}.Debug|ARM64.ActiveCfg = Debug|ARM64
		{EE47764E-A202-4F85-A767-ABDAB4AFF35F}.Debug|ARM64.Build.0 = Debug|ARM64
		{EE47764E-A202-4F85-A767-ABDAB4AFF35F}.Debug|ARM64EC.ActiveCfg = Debug|ARM64EC
		{EE47764E-A202-4F85-A767-ABDAB4AFF35F}.Debug|ARM64EC.Build.0 = Debug|ARM64EC
		{EE47764E-A202-4F85-A767-ABDAB4AFF35F}.Debug|x64.ActiveCfg = Debug|x64
		{EE47764E-A202-4F85-A767-ABDAB4AFF35F}.Debug|x64.Build.0 = Debug|x64
		{EE47764E-A202-4F85-A767-ABDAB4AFF35F}.Debug|x86.ActiveCfg = Debug|Win32
		{EE47764E-A202-4F85-A767-ABDAB4AFF35F}.Debug|x86.Build.0 = Debug|Win32
		{EE47764E-A202-4F85-A767-ABDAB4AFF35F}.Release|ARM64.ActiveCfg = Release|ARM64
		{EE47764E-A202-4F85-A767-ABDAB4AFF35F}.Release|ARM64.Build.0 = Release|ARM64
		{EE47764E-A202-4F85-A767-ABDAB4AFF35F}.Release|ARM64EC.ActiveCfg = Release|ARM64EC
		{EE47764E-A202-4F85-A767-ABDAB4AFF35F}.Release|ARM64EC.Build.0 = Release|ARM64EC
		{EE47764E-A202-4F85-A767-ABDAB4AFF35F}.Release|x64.ActiveCfg = Release|x64
		{EE47764E-A202-4F85-A767-ABDAB4AFF35F}.Release|x64.Build.0 = Release|x64
		{EE47764E-A202-4F85-A767-ABDAB4AFF35F}.Release|x86.ActiveCfg = Release|Win32
		{EE47764E-A202-4F85-A767-ABDAB4AFF35F}.Release|x86.Build.0 = Release|Win32
		{7729EB82-4069-4414-964B-AD399091A03F}.Debug|ARM64.ActiveCfg = Debug|ARM64
		{7729EB82-4069-4414-964B-AD399091A03F}.Debug|ARM64.Build.0 = Debug|ARM64
		{7729EB82-4069-4414-964B-AD399091A03F}.Debug|ARM64EC.ActiveCfg = Debug|ARM64EC
		{7729EB82-4069-4414-964B-AD399091A03F}.Debug|ARM64EC.Build.0 = Debug|ARM64EC
		{7729EB82-4069-4414-964B-AD399091A03F}.Debug|x64.ActiveCfg = Debug|x64
		{7729EB82-4069-4414-964B-AD399091A03F}.Debug|x64.Build.0 = Debug|x64
		{7729EB82-4069-4414-964B-AD399091A03F}.Debug|x86.ActiveCfg = Debug|Win32
		{7729EB82-4069-4414-964B-AD399091A03F}.Debug|x86.Build.0 = Debug|Win32
		{7729EB82-4069-4414-964B-AD399091A03F}.Release|ARM64.ActiveCfg = Release|ARM64
		{7729EB82-4069-4414-964B-AD399091A03F}.Release|ARM64.Build.0 = Release|ARM64
		{7729EB82-4069-4414-964B-AD399091A03F}.Release|ARM64EC.ActiveCfg = Release|ARM64EC
		{7729EB82-4069-4414-964B-AD399091A03F}.Release|ARM64EC.Build.0 = Release|ARM64EC
		{7729EB82-4069-4414-964B-AD399091A03F}.Release|x64.ActiveCfg = Release|x64
		{7729EB82-4069-4414-964B-AD399091A03F}.Release|x64.Build.0 = Release|x64
		{7729EB82-4069-4414-964B-AD399091A03F}.Release|x86.ActiveCfg = Release|Win32
		{7729EB82-4069-4414-964B-AD399091A03F}.Release|x86.Build.0 = Release|Win32
	EndGlobalSection
	GlobalSection(SolutionProperties) = preSolution
		HideSolutionNode = FALSE
	EndGlobalSection
	GlobalSection(NestedProjects) = preSolution
		{B8D8BFD1-1842-4EFF-9F48-AA6FA5F6110D} = {0D2756F5-5C40-49ED-84FA-D8108D1564B9}
		{DFEBA0E0-BC1C-42E5-99C5-15187EFF0F68} = {0D2756F5-5C40-49ED-84FA-D8108D1564B9}
		{135A3DA2-4E02-4351-A7D2-1B495AD96ADF} = {0D2756F5-5C40-49ED-84FA-D8108D1564B9}
		{EE47764E-A202-4F85-A767-ABDAB4AFF35F} = {0D2756F5-5C40-49ED-84FA-D8108D1564B9}
		{7729EB82-4069-4414-964B-AD399091A03F} = {0D2756F5-5C40-49ED-84FA-D8108D1564B9}
	EndGlobalSection
	GlobalSection(ExtensibilityGlobals) = postSolution
		SolutionGuid = {A375D343-8C45-44BA-8D88-EE876522B6C9}
	EndGlobalSection
EndGlobal
